
Microsoft Visual Studio Solution File, Format Version 12.00
# Visual Studio Version 16
VisualStudioVersion = 16.0.32510.428
MinimumVisualStudioVersion = 10.0.40219.1
Project("{FAE04EC0-301F-11D3-BF4B-00C04F79EFBC}") = "CallApi", "CallApi.csproj", "{86F7900E-2D5A-461E-871B-D44CB9EDC0D0}"
EndProject
Global
	GlobalSection(SolutionConfigurationPlatforms) = preSolution
		Debug|Any CPU = Debug|Any CPU
		Release|Any CPU = Release|Any CPU
	EndGlobalSection
	GlobalSection(ProjectConfigurationPlatforms) = postSolution
		{86F7900E-2D5A-461E-871B-D44CB9EDC0D0}.Debug|Any CPU.ActiveCfg = Debug|Any CPU
		{86F7900E-2D5A-461E-871B-D44CB9EDC0D0}.Debug|Any CPU.Build.0 = Debug|Any CPU
		{86F7900E-2D5A-461E-871B-D44CB9EDC0D0}.Release|Any CPU.ActiveCfg = Release|Any CPU
		{86F7900E-2D5A-461E-871B-D44CB9EDC0D0}.Release|Any CPU.Build.0 = Release|Any CPU
	EndGlobalSection
	GlobalSection(SolutionProperties) = preSolution
		HideSolutionNode = FALSE
	EndGlobalSection
	GlobalSection(ExtensibilityGlobals) = postSolution
		SolutionGuid = {A3505291-FA2D-427A-9CA1-5E72CE3AED9A}
	EndGlobalSection
EndGlobal
