
Microsoft Visual Studio Solution File, Format Version 12.00
# Visual Studio Version 16
VisualStudioVersion = 16.0.32510.428
MinimumVisualStudioVersion = 10.0.40219.1
Project("{FAE04EC0-301F-11D3-BF4B-00C04F79EFBC}") = "Model.APP", "Model.APP.csproj", "{31F6C3FD-34A3-4B0D-8288-A1686FABABD0}"
EndProject
Global
	GlobalSection(SolutionConfigurationPlatforms) = preSolution
		Debug|Any CPU = Debug|Any CPU
		Release|Any CPU = Release|Any CPU
	EndGlobalSection
	GlobalSection(ProjectConfigurationPlatforms) = postSolution
		{31F6C3FD-34A3-4B0D-8288-A1686FABABD0}.Debug|Any CPU.ActiveCfg = Debug|Any CPU
		{31F6C3FD-34A3-4B0D-8288-A1686FABABD0}.Debug|Any CPU.Build.0 = Debug|Any CPU
		{31F6C3FD-34A3-4B0D-8288-A1686FABABD0}.Release|Any CPU.ActiveCfg = Release|Any CPU
		{31F6C3FD-34A3-4B0D-8288-A1686FABABD0}.Release|Any CPU.Build.0 = Release|Any CPU
	EndGlobalSection
	GlobalSection(SolutionProperties) = preSolution
		HideSolutionNode = FALSE
	EndGlobalSection
	GlobalSection(ExtensibilityGlobals) = postSolution
		SolutionGuid = {45328FF3-9856-4949-BD7F-7203C0BD561E}
	EndGlobalSection
EndGlobal
